
Microsoft Visual Studio Solution File, Format Version 12.00
# Visual Studio Version 17
VisualStudioVersion = 17.6.33801.468
MinimumVisualStudioVersion = 10.0.40219.1
Project("{FAE04EC0-301F-11D3-BF4B-00C04F79EFBC}") = "DriverDash-TelegramBot", "DriverDash-TelegramBot.csproj", "{557788C3-4C44-42B6-8AB6-CE7E1103B3E9}"
EndProject
Global
	GlobalSection(SolutionConfigurationPlatforms) = preSolution
		Debug|Any CPU = Debug|Any CPU
		Debug|x64 = Debug|x64
		Release|Any CPU = Release|Any CPU
		Release|x64 = Release|x64
	EndGlobalSection
	GlobalSection(ProjectConfigurationPlatforms) = postSolution
		{557788C3-4C44-42B6-8AB6-CE7E1103B3E9}.Debug|Any CPU.ActiveCfg = Debug|Any CPU
		{557788C3-4C44-42B6-8AB6-CE7E1103B3E9}.Debug|Any CPU.Build.0 = Debug|Any CPU
		{557788C3-4C44-42B6-8AB6-CE7E1103B3E9}.Debug|x64.ActiveCfg = Debug|Any CPU
		{557788C3-4C44-42B6-8AB6-CE7E1103B3E9}.Debug|x64.Build.0 = Debug|Any CPU
		{557788C3-4C44-42B6-8AB6-CE7E1103B3E9}.Release|Any CPU.ActiveCfg = Release|Any CPU
		{557788C3-4C44-42B6-8AB6-CE7E1103B3E9}.Release|Any CPU.Build.0 = Release|Any CPU
		{557788C3-4C44-42B6-8AB6-CE7E1103B3E9}.Release|x64.ActiveCfg = Release|x64
		{557788C3-4C44-42B6-8AB6-CE7E1103B3E9}.Release|x64.Build.0 = Release|x64
	EndGlobalSection
	GlobalSection(SolutionProperties) = preSolution
		HideSolutionNode = FALSE
	EndGlobalSection
	GlobalSection(ExtensibilityGlobals) = postSolution
		SolutionGuid = {DDCAEF78-F3DB-42A5-A177-7C5812C4286B}
	EndGlobalSection
EndGlobal
